
Microsoft Visual Studio Solution File, Format Version 12.00
# Visual Studio Version 17
VisualStudioVersion = 17.4.33205.214
MinimumVisualStudioVersion = 10.0.40219.1
Project("{FAE04EC0-301F-11D3-BF4B-00C04F79EFBC}") = "lab_2", "lab_2\lab_2.csproj", "{755DAFF3-24F4-4D54-A570-B951E37BEB34}"
EndProject
Global
	GlobalSection(SolutionConfigurationPlatforms) = preSolution
		Debug|Any CPU = Debug|Any CPU
		Release|Any CPU = Release|Any CPU
	EndGlobalSection
	GlobalSection(ProjectConfigurationPlatforms) = postSolution
		{755DAFF3-24F4-4D54-A570-B951E37BEB34}.Debug|Any CPU.ActiveCfg = Debug|Any CPU
		{755DAFF3-24F4-4D54-A570-B951E37BEB34}.Debug|Any CPU.Build.0 = Debug|Any CPU
		{755DAFF3-24F4-4D54-A570-B951E37BEB34}.Release|Any CPU.ActiveCfg = Release|Any CPU
		{755DAFF3-24F4-4D54-A570-B951E37BEB34}.Release|Any CPU.Build.0 = Release|Any CPU
	EndGlobalSection
	GlobalSection(SolutionProperties) = preSolution
		HideSolutionNode = FALSE
	EndGlobalSection
	GlobalSection(ExtensibilityGlobals) = postSolution
		SolutionGuid = {729BFE84-6745-412B-95D7-3EF037C876FD}
	EndGlobalSection
EndGlobal
